// !$*UTF8*$!
{
	archiveVersion = 1;
	classes = {
	};
	objectVersion = 46;
	objects = {

/* Begin PBXBuildFile section */
		154374331DA0A1B500EF0AF8 /* main.m in Sources */ = {isa = PBXBuildFile; fileRef = 154374321DA0A1B500EF0AF8 /* main.m */; };
		154374361DA0A1B500EF0AF8 /* AppDelegate.m in Sources */ = {isa = PBXBuildFile; fileRef = 154374351DA0A1B500EF0AF8 /* AppDelegate.m */; };
		154374391DA0A1B500EF0AF8 /* ViewController.m in Sources */ = {isa = PBXBuildFile; fileRef = 154374381DA0A1B500EF0AF8 /* ViewController.m */; };
		1543743C1DA0A1B500EF0AF8 /* Main.storyboard in Resources */ = {isa = PBXBuildFile; fileRef = 1543743A1DA0A1B500EF0AF8 /* Main.storyboard */; };
		1543743E1DA0A1B500EF0AF8 /* Assets.xcassets in Resources */ = {isa = PBXBuildFile; fileRef = 1543743D1DA0A1B500EF0AF8 /* Assets.xcassets */; };
		154374411DA0A1B500EF0AF8 /* LaunchScreen.storyboard in Resources */ = {isa = PBXBuildFile; fileRef = 1543743F1DA0A1B500EF0AF8 /* LaunchScreen.storyboard */; };
		1543744C1DA0A1B500EF0AF8 /* _______Tests.m in Sources */ = {isa = PBXBuildFile; fileRef = 1543744B1DA0A1B500EF0AF8 /* _______Tests.m */; };
		154374571DA0A1B500EF0AF8 /* _______UITests.m in Sources */ = {isa = PBXBuildFile; fileRef = 154374561DA0A1B500EF0AF8 /* _______UITests.m */; };
		154374651DA1225500EF0AF8 /* apps.plist in Resources */ = {isa = PBXBuildFile; fileRef = 154374641DA1225500EF0AF8 /* apps.plist */; };
		154374681DA122CB00EF0AF8 /* CXAPP.m in Sources */ = {isa = PBXBuildFile; fileRef = 154374671DA122CB00EF0AF8 /* CXAPP.m */; };
/* End PBXBuildFile section */

/* Begin PBXContainerItemProxy section */
		154374481DA0A1B500EF0AF8 /* PBXContainerItemProxy */ = {
			isa = PBXContainerItemProxy;
			containerPortal = 154374261DA0A1B500EF0AF8 /* Project object */;
			proxyType = 1;
			remoteGlobalIDString = 1543742D1DA0A1B500EF0AF8;
			remoteInfo = "实验多图片下载";
		};
		154374531DA0A1B500EF0AF8 /* PBXContainerItemProxy */ = {
			isa = PBXContainerItemProxy;
			containerPortal = 154374261DA0A1B500EF0AF8 /* Project object */;
			proxyType = 1;
			remoteGlobalIDString = 1543742D1DA0A1B500EF0AF8;
			remoteInfo = "实验多图片下载";
		};
/* End PBXContainerItemProxy section */

/* Begin PBXFileReference section */
		1543742E1DA0A1B500EF0AF8 /* 实验多图片下载.app */ = {isa = PBXFileReference; explicitFileType = wrapper.application; includeInIndex = 0; path = "实验多图片下载.app"; sourceTree = BUILT_PRODUCTS_DIR; };
		154374321DA0A1B500EF0AF8 /* main.m */ = {isa = PBXFileReference; lastKnownFileType = sourcecode.c.objc; path = main.m; sourceTree = "<group>"; };
		154374341DA0A1B500EF0AF8 /* AppDelegate.h */ = {isa = PBXFileReference; lastKnownFileType = sourcecode.c.h; path = AppDelegate.h; sourceTree = "<group>"; };
		154374351DA0A1B500EF0AF8 /* AppDelegate.m */ = {isa = PBXFileReference; lastKnownFileType = sourcecode.c.objc; path = AppDelegate.m; sourceTree = "<group>"; };
		154374371DA0A1B500EF0AF8 /* ViewController.h */ = {isa = PBXFileReference; lastKnownFileType = sourcecode.c.h; path = ViewController.h; sourceTree = "<group>"; };
		154374381DA0A1B500EF0AF8 /* ViewController.m */ = {isa = PBXFileReference; lastKnownFileType = sourcecode.c.objc; path = ViewController.m; sourceTree = "<group>"; };
		1543743B1DA0A1B500EF0AF8 /* Base */ = {isa = PBXFileReference; lastKnownFileType = file.storyboard; name = Base; path = Base.lproj/Main.storyboard; sourceTree = "<group>"; };
		1543743D1DA0A1B500EF0AF8 /* Assets.xcassets */ = {isa = PBXFileReference; lastKnownFileType = folder.assetcatalog; path = Assets.xcassets; sourceTree = "<group>"; };
		154374401DA0A1B500EF0AF8 /* Base */ = {isa = PBXFileReference; lastKnownFileType = file.storyboard; name = Base; path = Base.lproj/LaunchScreen.storyboard; sourceTree = "<group>"; };
		154374421DA0A1B500EF0AF8 /* Info.plist */ = {isa = PBXFileReference; lastKnownFileType = text.plist.xml; path = Info.plist; sourceTree = "<group>"; };
		154374471DA0A1B500EF0AF8 /* 实验多图片下载Tests.xctest */ = {isa = PBXFileReference; explicitFileType = wrapper.cfbundle; includeInIndex = 0; path = "实验多图片下载Tests.xctest"; sourceTree = BUILT_PRODUCTS_DIR; };
		1543744B1DA0A1B500EF0AF8 /* _______Tests.m */ = {isa = PBXFileReference; lastKnownFileType = sourcecode.c.objc; path = "_______Tests.m"; sourceTree = "<group>"; };
		1543744D1DA0A1B500EF0AF8 /* Info.plist */ = {isa = PBXFileReference; lastKnownFileType = text.plist.xml; path = Info.plist; sourceTree = "<group>"; };
		154374521DA0A1B500EF0AF8 /* 实验多图片下载UITests.xctest */ = {isa = PBXFileReference; explicitFileType = wrapper.cfbundle; includeInIndex = 0; path = "实验多图片下载UITests.xctest"; sourceTree = BUILT_PRODUCTS_DIR; };
		154374561DA0A1B500EF0AF8 /* _______UITests.m */ = {isa = PBXFileReference; lastKnownFileType = sourcecode.c.objc; path = "_______UITests.m"; sourceTree = "<group>"; };
		154374581DA0A1B500EF0AF8 /* Info.plist */ = {isa = PBXFileReference; lastKnownFileType = text.plist.xml; path = Info.plist; sourceTree = "<group>"; };
		154374641DA1225500EF0AF8 /* apps.plist */ = {isa = PBXFileReference; fileEncoding = 4; lastKnownFileType = text.plist.xml; path = apps.plist; sourceTree = "<group>"; };
		154374661DA122CB00EF0AF8 /* CXAPP.h */ = {isa = PBXFileReference; fileEncoding = 4; lastKnownFileType = sourcecode.c.h; path = CXAPP.h; sourceTree = "<group>"; };
		154374671DA122CB00EF0AF8 /* CXAPP.m */ = {isa = PBXFileReference; fileEncoding = 4; lastKnownFileType = sourcecode.c.objc; path = CXAPP.m; sourceTree = "<group>"; };
/* End PBXFileReference section */

/* Begin PBXFrameworksBuildPhase section */
		1543742B1DA0A1B500EF0AF8 /* Frameworks */ = {
			isa = PBXFrameworksBuildPhase;
			buildActionMask = 2147483647;
			files = (
			);
			runOnlyForDeploymentPostprocessing = 0;
		};
		154374441DA0A1B500EF0AF8 /* Frameworks */ = {
			isa = PBXFrameworksBuildPhase;
			buildActionMask = 2147483647;
			files = (
			);
			runOnlyForDeploymentPostprocessing = 0;
		};
		1543744F1DA0A1B500EF0AF8 /* Frameworks */ = {
			isa = PBXFrameworksBuildPhase;
			buildActionMask = 2147483647;
			files = (
			);
			runOnlyForDeploymentPostprocessing = 0;
		};
/* End PBXFrameworksBuildPhase section */

/* Begin PBXGroup section */
		154374251DA0A1B500EF0AF8 = {
			isa = PBXGroup;
			children = (
				154374301DA0A1B500EF0AF8 /* 实验多图片下载 */,
				1543744A1DA0A1B500EF0AF8 /* 实验多图片下载Tests */,
				154374551DA0A1B500EF0AF8 /* 实验多图片下载UITests */,
				1543742F1DA0A1B500EF0AF8 /* Products */,
			);
			sourceTree = "<group>";
		};
		1543742F1DA0A1B500EF0AF8 /* Products */ = {
			isa = PBXGroup;
			children = (
				1543742E1DA0A1B500EF0AF8 /* 实验多图片下载.app */,
				154374471DA0A1B500EF0AF8 /* 实验多图片下载Tests.xctest */,
				154374521DA0A1B500EF0AF8 /* 实验多图片下载UITests.xctest */,
			);
			name = Products;
			sourceTree = "<group>";
		};
		154374301DA0A1B500EF0AF8 /* 实验多图片下载 */ = {
			isa = PBXGroup;
			children = (
				154374341DA0A1B500EF0AF8 /* AppDelegate.h */,
				154374351DA0A1B500EF0AF8 /* AppDelegate.m */,
				154374371DA0A1B500EF0AF8 /* ViewController.h */,
				154374381DA0A1B500EF0AF8 /* ViewController.m */,
				154374661DA122CB00EF0AF8 /* CXAPP.h */,
				154374671DA122CB00EF0AF8 /* CXAPP.m */,
				1543743A1DA0A1B500EF0AF8 /* Main.storyboard */,
				154374641DA1225500EF0AF8 /* apps.plist */,
				1543743D1DA0A1B500EF0AF8 /* Assets.xcassets */,
				1543743F1DA0A1B500EF0AF8 /* LaunchScreen.storyboard */,
				154374421DA0A1B500EF0AF8 /* Info.plist */,
				154374311DA0A1B500EF0AF8 /* Supporting Files */,
			);
			path = "实验多图片下载";
			sourceTree = "<group>";
		};
		154374311DA0A1B500EF0AF8 /* Supporting Files */ = {
			isa = PBXGroup;
			children = (
				154374321DA0A1B500EF0AF8 /* main.m */,
			);
			name = "Supporting Files";
			sourceTree = "<group>";
		};
		1543744A1DA0A1B500EF0AF8 /* 实验多图片下载Tests */ = {
			isa = PBXGroup;
			children = (
				1543744B1DA0A1B500EF0AF8 /* _______Tests.m */,
				1543744D1DA0A1B500EF0AF8 /* Info.plist */,
			);
			path = "实验多图片下载Tests";
			sourceTree = "<group>";
		};
		154374551DA0A1B500EF0AF8 /* 实验多图片下载UITests */ = {
			isa = PBXGroup;
			children = (
				154374561DA0A1B500EF0AF8 /* _______UITests.m */,
				154374581DA0A1B500EF0AF8 /* Info.plist */,
			);
			path = "实验多图片下载UITests";
			sourceTree = "<group>";
		};
/* End PBXGroup section */

/* Begin PBXNativeTarget section */
		1543742D1DA0A1B500EF0AF8 /* 实验多图片下载 */ = {
			isa = PBXNativeTarget;
			buildConfigurationList = 1543745B1DA0A1B500EF0AF8 /* Build configuration list for PBXNativeTarget "实验多图片下载" */;
			buildPhases = (
				1543742A1DA0A1B500EF0AF8 /* Sources */,
				1543742B1DA0A1B500EF0AF8 /* Frameworks */,
				1543742C1DA0A1B500EF0AF8 /* Resources */,
			);
			buildRules = (
			);
			dependencies = (
			);
			name = "实验多图片下载";
			productName = "实验多图片下载";
			productReference = 1543742E1DA0A1B500EF0AF8 /* 实验多图片下载.app */;
			productType = "com.apple.product-type.application";
		};
		154374461DA0A1B500EF0AF8 /* 实验多图片下载Tests */ = {
			isa = PBXNativeTarget;
			buildConfigurationList = 1543745E1DA0A1B500EF0AF8 /* Build configuration list for PBXNativeTarget "实验多图片下载Tests" */;
			buildPhases = (
				154374431DA0A1B500EF0AF8 /* Sources */,
				154374441DA0A1B500EF0AF8 /* Frameworks */,
				154374451DA0A1B500EF0AF8 /* Resources */,
			);
			buildRules = (
			);
			dependencies = (
				154374491DA0A1B500EF0AF8 /* PBXTargetDependency */,
			);
			name = "实验多图片下载Tests";
			productName = "实验多图片下载Tests";
			productReference = 154374471DA0A1B500EF0AF8 /* 实验多图片下载Tests.xctest */;
			productType = "com.apple.product-type.bundle.unit-test";
		};
		154374511DA0A1B500EF0AF8 /* 实验多图片下载UITests */ = {
			isa = PBXNativeTarget;
			buildConfigurationList = 154374611DA0A1B500EF0AF8 /* Build configuration list for PBXNativeTarget "实验多图片下载UITests" */;
			buildPhases = (
				1543744E1DA0A1B500EF0AF8 /* Sources */,
				1543744F1DA0A1B500EF0AF8 /* Frameworks */,
				154374501DA0A1B500EF0AF8 /* Resources */,
			);
			buildRules = (
			);
			dependencies = (
				154374541DA0A1B500EF0AF8 /* PBXTargetDependency */,
			);
			name = "实验多图片下载UITests";
			productName = "实验多图片下载UITests";
			productReference = 154374521DA0A1B500EF0AF8 /* 实验多图片下载UITests.xctest */;
			productType = "com.apple.product-type.bundle.ui-testing";
		};
/* End PBXNativeTarget section */

/* Begin PBXProject section */
		154374261DA0A1B500EF0AF8 /* Project object */ = {
			isa = PBXProject;
			attributes = {
				LastUpgradeCheck = 0720;
				ORGANIZATIONNAME = chenxi;
				TargetAttributes = {
					1543742D1DA0A1B500EF0AF8 = {
						CreatedOnToolsVersion = 7.2;
						DevelopmentTeam = 942R9KPAV6;
					};
					154374461DA0A1B500EF0AF8 = {
						CreatedOnToolsVersion = 7.2;
						DevelopmentTeam = 942R9KPAV6;
						TestTargetID = 1543742D1DA0A1B500EF0AF8;
					};
					154374511DA0A1B500EF0AF8 = {
						CreatedOnToolsVersion = 7.2;
						DevelopmentTeam = 942R9KPAV6;
						TestTargetID = 1543742D1DA0A1B500EF0AF8;
					};
				};
			};
			buildConfigurationList = 154374291DA0A1B500EF0AF8 /* Build configuration list for PBXProject "实验多图片下载" */;
			compatibilityVersion = "Xcode 3.2";
			developmentRegion = English;
			hasScannedForEncodings = 0;
			knownRegions = (
				en,
				Base,
			);
			mainGroup = 154374251DA0A1B500EF0AF8;
			productRefGroup = 1543742F1DA0A1B500EF0AF8 /* Products */;
			projectDirPath = "";
			projectRoot = "";
			targets = (
				1543742D1DA0A1B500EF0AF8 /* 实验多图片下载 */,
				154374461DA0A1B500EF0AF8 /* 实验多图片下载Tests */,
				154374511DA0A1B500EF0AF8 /* 实验多图片下载UITests */,
			);
		};
/* End PBXProject section */

/* Begin PBXResourcesBuildPhase section */
		1543742C1DA0A1B500EF0AF8 /* Resources */ = {
			isa = PBXResourcesBuildPhase;
			buildActionMask = 2147483647;
			files = (
				154374651DA1225500EF0AF8 /* apps.plist in Resources */,
				154374411DA0A1B500EF0AF8 /* LaunchScreen.storyboard in Resources */,
				1543743E1DA0A1B500EF0AF8 /* Assets.xcassets in Resources */,
				1543743C1DA0A1B500EF0AF8 /* Main.storyboard in Resources */,
			);
			runOnlyForDeploymentPostprocessing = 0;
		};
		154374451DA0A1B500EF0AF8 /* Resources */ = {
			isa = PBXResourcesBuildPhase;
			buildActionMask = 2147483647;
			files = (
			);
			runOnlyForDeploymentPostprocessing = 0;
		};
		154374501DA0A1B500EF0AF8 /* Resources */ = {
			isa = PBXResourcesBuildPhase;
			buildActionMask = 2147483647;
			files = (
			);
			runOnlyForDeploymentPostprocessing = 0;
		};
/* End PBXResourcesBuildPhase section */

/* Begin PBXSourcesBuildPhase section */
		1543742A1DA0A1B500EF0AF8 /* Sources */ = {
			isa = PBXSourcesBuildPhase;
			buildActionMask = 2147483647;
			files = (
				154374391DA0A1B500EF0AF8 /* ViewController.m in Sources */,
				154374361DA0A1B500EF0AF8 /* AppDelegate.m in Sources */,
				154374681DA122CB00EF0AF8 /* CXAPP.m in Sources */,
				154374331DA0A1B500EF0AF8 /* main.m in Sources */,
			);
			runOnlyForDeploymentPostprocessing = 0;
		};
		154374431DA0A1B500EF0AF8 /* Sources */ = {
			isa = PBXSourcesBuildPhase;
			buildActionMask = 2147483647;
			files = (
				1543744C1DA0A1B500EF0AF8 /* _______Tests.m in Sources */,
			);
			runOnlyForDeploymentPostprocessing = 0;
		};
		1543744E1DA0A1B500EF0AF8 /* Sources */ = {
			isa = PBXSourcesBuildPhase;
			buildActionMask = 2147483647;
			files = (
				154374571DA0A1B500EF0AF8 /* _______UITests.m in Sources */,
			);
			runOnlyForDeploymentPostprocessing = 0;
		};
/* End PBXSourcesBuildPhase section */

/* Begin PBXTargetDependency section */
		154374491DA0A1B500EF0AF8 /* PBXTargetDependency */ = {
			isa = PBXTargetDependency;
			target = 1543742D1DA0A1B500EF0AF8 /* 实验多图片下载 */;
			targetProxy = 154374481DA0A1B500EF0AF8 /* PBXContainerItemProxy */;
		};
		154374541DA0A1B500EF0AF8 /* PBXTargetDependency */ = {
			isa = PBXTargetDependency;
			target = 1543742D1DA0A1B500EF0AF8 /* 实验多图片下载 */;
			targetProxy = 154374531DA0A1B500EF0AF8 /* PBXContainerItemProxy */;
		};
/* End PBXTargetDependency section */

/* Begin PBXVariantGroup section */
		1543743A1DA0A1B500EF0AF8 /* Main.storyboard */ = {
			isa = PBXVariantGroup;
			children = (
				1543743B1DA0A1B500EF0AF8 /* Base */,
			);
			name = Main.storyboard;
			sourceTree = "<group>";
		};
		1543743F1DA0A1B500EF0AF8 /* LaunchScreen.storyboard */ = {
			isa = PBXVariantGroup;
			children = (
				154374401DA0A1B500EF0AF8 /* Base */,
			);
			name = LaunchScreen.storyboard;
			sourceTree = "<group>";
		};
/* End PBXVariantGroup section */

/* Begin XCBuildConfiguration section */
		154374591DA0A1B500EF0AF8 /* Debug */ = {
			isa = XCBuildConfiguration;
			buildSettings = {
				ALWAYS_SEARCH_USER_PATHS = NO;
				CLANG_CXX_LANGUAGE_STANDARD = "gnu++0x";
				CLANG_CXX_LIBRARY = "libc++";
				CLANG_ENABLE_MODULES = YES;
				CLANG_ENABLE_OBJC_ARC = YES;
				CLANG_WARN_BOOL_CONVERSION = YES;
				CLANG_WARN_CONSTANT_CONVERSION = YES;
				CLANG_WARN_DIRECT_OBJC_ISA_USAGE = YES_ERROR;
				CLANG_WARN_EMPTY_BODY = YES;
				CLANG_WARN_ENUM_CONVERSION = YES;
				CLANG_WARN_INT_CONVERSION = YES;
				CLANG_WARN_OBJC_ROOT_CLASS = YES_ERROR;
				CLANG_WARN_UNREACHABLE_CODE = YES;
				CLANG_WARN__DUPLICATE_METHOD_MATCH = YES;
				"CODE_SIGN_IDENTITY[sdk=iphoneos*]" = "iPhone Developer";
				COPY_PHASE_STRIP = NO;
				DEBUG_INFORMATION_FORMAT = dwarf;
				ENABLE_STRICT_OBJC_MSGSEND = YES;
				ENABLE_TESTABILITY = YES;
				GCC_C_LANGUAGE_STANDARD = gnu99;
				GCC_DYNAMIC_NO_PIC = NO;
				GCC_NO_COMMON_BLOCKS = YES;
				GCC_OPTIMIZATION_LEVEL = 0;
				GCC_PREPROCESSOR_DEFINITIONS = (
					"DEBUG=1",
					"$(inherited)",
				);
				GCC_WARN_64_TO_32_BIT_CONVERSION = YES;
				GCC_WARN_ABOUT_RETURN_TYPE = YES_ERROR;
				GCC_WARN_UNDECLARED_SELECTOR = YES;
				GCC_WARN_UNINITIALIZED_AUTOS = YES_AGGRESSIVE;
				GCC_WARN_UNUSED_FUNCTION = YES;
				GCC_WARN_UNUSED_VARIABLE = YES;
				IPHONEOS_DEPLOYMENT_TARGET = 9.2;
				MTL_ENABLE_DEBUG_INFO = YES;
				ONLY_ACTIVE_ARCH = YES;
				SDKROOT = iphoneos;
				TARGETED_DEVICE_FAMILY = "1,2";
			};
			name = Debug;
		};
		1543745A1DA0A1B500EF0AF8 /* Release */ = {
			isa = XCBuildConfiguration;
			buildSettings = {
				ALWAYS_SEARCH_USER_PATHS = NO;
				CLANG_CXX_LANGUAGE_STANDARD = "gnu++0x";
				CLANG_CXX_LIBRARY = "libc++";
				CLANG_ENABLE_MODULES = YES;
				CLANG_ENABLE_OBJC_ARC = YES;
				CLANG_WARN_BOOL_CONVERSION = YES;
				CLANG_WARN_CONSTANT_CONVERSION = YES;
				CLANG_WARN_DIRECT_OBJC_ISA_USAGE = YES_ERROR;
				CLANG_WARN_EMPTY_BODY = YES;
				CLANG_WARN_ENUM_CONVERSION = YES;
				CLANG_WARN_INT_CONVERSION = YES;
				CLANG_WARN_OBJC_ROOT_CLASS = YES_ERROR;
				CLANG_WARN_UNREACHABLE_CODE = YES;
				CLANG_WARN__DUPLICATE_METHOD_MATCH = YES;
				"CODE_SIGN_IDENTITY[sdk=iphoneos*]" = "iPhone Developer";
				COPY_PHASE_STRIP = NO;
				DEBUG_INFORMATION_FORMAT = "dwarf-with-dsym";
				ENABLE_NS_ASSERTIONS = NO;
				ENABLE_STRICT_OBJC_MSGSEND = YES;
				GCC_C_LANGUAGE_STANDARD = gnu99;
				GCC_NO_COMMON_BLOCKS = YES;
				GCC_WARN_64_TO_32_BIT_CONVERSION = YES;
				GCC_WARN_ABOUT_RETURN_TYPE = YES_ERROR;
				GCC_WARN_UNDECLARED_SELECTOR = YES;
				GCC_WARN_UNINITIALIZED_AUTOS = YES_AGGRESSIVE;
				GCC_WARN_UNUSED_FUNCTION = YES;
				GCC_WARN_UNUSED_VARIABLE = YES;
				IPHONEOS_DEPLOYMENT_TARGET = 9.2;
				MTL_ENABLE_DEBUG_INFO = NO;
				SDKROOT = iphoneos;
				TARGETED_DEVICE_FAMILY = "1,2";
				VALIDATE_PRODUCT = YES;
			};
			name = Release;
		};
		1543745C1DA0A1B500EF0AF8 /* Debug */ = {
			isa = XCBuildConfiguration;
			buildSettings = {
				ASSETCATALOG_COMPILER_APPICON_NAME = AppIcon;
				INFOPLIST_FILE = "实验多图片下载/Info.plist";
				LD_RUNPATH_SEARCH_PATHS = "$(inherited) @executable_path/Frameworks";
				PRODUCT_BUNDLE_IDENTIFIER = "chenxi.-------";
				PRODUCT_NAME = "$(TARGET_NAME)";
			};
			name = Debug;
		};
		1543745D1DA0A1B500EF0AF8 /* Release */ = {
			isa = XCBuildConfiguration;
			buildSettings = {
				ASSETCATALOG_COMPILER_APPICON_NAME = AppIcon;
				INFOPLIST_FILE = "实验多图片下载/Info.plist";
				LD_RUNPATH_SEARCH_PATHS = "$(inherited) @executable_path/Frameworks";
				PRODUCT_BUNDLE_IDENTIFIER = "chenxi.-------";
				PRODUCT_NAME = "$(TARGET_NAME)";
			};
			name = Release;
		};
		1543745F1DA0A1B500EF0AF8 /* Debug */ = {
			isa = XCBuildConfiguration;
			buildSettings = {
				BUNDLE_LOADER = "$(TEST_HOST)";
				INFOPLIST_FILE = "实验多图片下载Tests/Info.plist";
				LD_RUNPATH_SEARCH_PATHS = "$(inherited) @executable_path/Frameworks @loader_path/Frameworks";
				PRODUCT_BUNDLE_IDENTIFIER = "chenxi.-------Tests";
				PRODUCT_NAME = "$(TARGET_NAME)";
				TEST_HOST = "$(BUILT_PRODUCTS_DIR)/实验多图片下载.app/实验多图片下载";
			};
			name = Debug;
		};
		154374601DA0A1B500EF0AF8 /* Release */ = {
			isa = XCBuildConfiguration;
			buildSettings = {
				BUNDLE_LOADER = "$(TEST_HOST)";
				INFOPLIST_FILE = "实验多图片下载Tests/Info.plist";
				LD_RUNPATH_SEARCH_PATHS = "$(inherited) @executable_path/Frameworks @loader_path/Frameworks";
				PRODUCT_BUNDLE_IDENTIFIER = "chenxi.-------Tests";
				PRODUCT_NAME = "$(TARGET_NAME)";
				TEST_HOST = "$(BUILT_PRODUCTS_DIR)/实验多图片下载.app/实验多图片下载";
			};
			name = Release;
		};
		154374621DA0A1B500EF0AF8 /* Debug */ = {
			isa = XCBuildConfiguration;
			buildSettings = {
				INFOPLIST_FILE = "实验多图片下载UITests/Info.plist";
				LD_RUNPATH_SEARCH_PATHS = "$(inherited) @executable_path/Frameworks @loader_path/Frameworks";
				PRODUCT_BUNDLE_IDENTIFIER = "chenxi.-------UITests";
				PRODUCT_NAME = "$(TARGET_NAME)";
				TEST_TARGET_NAME = "实验多图片下载";
				USES_XCTRUNNER = YES;
			};
			name = Debug;
		};
		154374631DA0A1B500EF0AF8 /* Release */ = {
			isa = XCBuildConfiguration;
			buildSettings = {
				INFOPLIST_FILE = "实验多图片下载UITests/Info.plist";
				LD_RUNPATH_SEARCH_PATHS = "$(inherited) @executable_path/Frameworks @loader_path/Frameworks";
				PRODUCT_BUNDLE_IDENTIFIER = "chenxi.-------UITests";
				PRODUCT_NAME = "$(TARGET_NAME)";
				TEST_TARGET_NAME = "实验多图片下载";
				USES_XCTRUNNER = YES;
			};
			name = Release;
		};
/* End XCBuildConfiguration section */

/* Begin XCConfigurationList section */
		154374291DA0A1B500EF0AF8 /* Build configuration list for PBXProject "实验多图片下载" */ = {
			isa = XCConfigurationList;
			buildConfigurations = (
				154374591DA0A1B500EF0AF8 /* Debug */,
				1543745A1DA0A1B500EF0AF8 /* Release */,
			);
			defaultConfigurationIsVisible = 0;
			defaultConfigurationName = Release;
		};
		1543745B1DA0A1B500EF0AF8 /* Build configuration list for PBXNativeTarget "实验多图片下载" */ = {
			isa = XCConfigurationList;
			buildConfigurations = (
				1543745C1DA0A1B500EF0AF8 /* Debug */,
				1543745D1DA0A1B500EF0AF8 /* Release */,
			);
			defaultConfigurationIsVisible = 0;
			defaultConfigurationName = Release;
		};
		1543745E1DA0A1B500EF0AF8 /* Build configuration list for PBXNativeTarget "实验多图片下载Tests" */ = {
			isa = XCConfigurationList;
			buildConfigurations = (
				1543745F1DA0A1B500EF0AF8 /* Debug */,
				154374601DA0A1B500EF0AF8 /* Release */,
			);
			defaultConfigurationIsVisible = 0;
			defaultConfigurationName = Release;
		};
		154374611DA0A1B500EF0AF8 /* Build configuration list for PBXNativeTarget "实验多图片下载UITests" */ = {
			isa = XCConfigurationList;
			buildConfigurations = (
				154374621DA0A1B500EF0AF8 /* Debug */,
				154374631DA0A1B500EF0AF8 /* Release */,
			);
			defaultConfigurationIsVisible = 0;
			defaultConfigurationName = Release;
		};
/* End XCConfigurationList section */
	};
	rootObject = 154374261DA0A1B500EF0AF8 /* Project object */;
}
